// !$*UTF8*$!
{
	archiveVersion = 1;
	classes = {
	};
	objectVersion = 46;
	objects = {

/* Begin PBXBuildFile section */
		532CD2031A68EDD40019BBC8 /* FLHomeCollectionViewCell.m in Sources */ = {isa = PBXBuildFile; fileRef = 532CD2021A68EDD40019BBC8 /* FLHomeCollectionViewCell.m */; };
		532CD2071A6916C90019BBC8 /* FLImage.m in Sources */ = {isa = PBXBuildFile; fileRef = 532CD2061A6916C90019BBC8 /* FLImage.m */; };
		537A9D1E1A67C04F0090A13A /* FLImageView.m in Sources */ = {isa = PBXBuildFile; fileRef = 537A9D141A67C04F0090A13A /* FLImageView.m */; };
		537A9D1F1A67C04F0090A13A /* FLUtility.m in Sources */ = {isa = PBXBuildFile; fileRef = 537A9D181A67C04F0090A13A /* FLUtility.m */; };
		537A9D201A67C04F0090A13A /* FLBaseWebService.m in Sources */ = {isa = PBXBuildFile; fileRef = 537A9D1B1A67C04F0090A13A /* FLBaseWebService.m */; };
		537A9D211A67C04F0090A13A /* FLFlickerImageFetchApi.m in Sources */ = {isa = PBXBuildFile; fileRef = 537A9D1D1A67C04F0090A13A /* FLFlickerImageFetchApi.m */; };
		53BAE24A1A67745300D91426 /* main.m in Sources */ = {isa = PBXBuildFile; fileRef = 53BAE2491A67745300D91426 /* main.m */; };
		53BAE24D1A67745300D91426 /* AppDelegate.m in Sources */ = {isa = PBXBuildFile; fileRef = 53BAE24C1A67745300D91426 /* AppDelegate.m */; };
		53BAE2501A67745300D91426 /* FLHomeViewController.m in Sources */ = {isa = PBXBuildFile; fileRef = 53BAE24F1A67745300D91426 /* FLHomeViewController.m */; };
		53BAE2531A67745300D91426 /* Main.storyboard in Resources */ = {isa = PBXBuildFile; fileRef = 53BAE2511A67745300D91426 /* Main.storyboard */; };
		53BAE2551A67745300D91426 /* Images.xcassets in Resources */ = {isa = PBXBuildFile; fileRef = 53BAE2541A67745300D91426 /* Images.xcassets */; };
		53BAE2581A67745300D91426 /* LaunchScreen.xib in Resources */ = {isa = PBXBuildFile; fileRef = 53BAE2561A67745300D91426 /* LaunchScreen.xib */; };
		53BAE2641A67745400D91426 /* FlickerSampleTests.m in Sources */ = {isa = PBXBuildFile; fileRef = 53BAE2631A67745400D91426 /* FlickerSampleTests.m */; };
		EF885CB96F712DA360E097A7 /* libPods-FlickerSample.a in Frameworks */ = {isa = PBXBuildFile; fileRef = 0A1BD559F70D38E7612C44C1 /* libPods-FlickerSample.a */; };
/* End PBXBuildFile section */

/* Begin PBXContainerItemProxy section */
		53BAE25E1A67745400D91426 /* PBXContainerItemProxy */ = {
			isa = PBXContainerItemProxy;
			containerPortal = 53BAE23C1A67745200D91426 /* Project object */;
			proxyType = 1;
			remoteGlobalIDString = 53BAE2431A67745200D91426;
			remoteInfo = FlickerSample;
		};
/* End PBXContainerItemProxy section */

/* Begin PBXFileReference section */
		0A1BD559F70D38E7612C44C1 /* libPods-FlickerSample.a */ = {isa = PBXFileReference; explicitFileType = archive.ar; includeInIndex = 0; path = "libPods-FlickerSample.a"; sourceTree = BUILT_PRODUCTS_DIR; };
		532CD2011A68EDD40019BBC8 /* FLHomeCollectionViewCell.h */ = {isa = PBXFileReference; fileEncoding = 4; lastKnownFileType = sourcecode.c.h; path = FLHomeCollectionViewCell.h; sourceTree = "<group>"; };
		532CD2021A68EDD40019BBC8 /* FLHomeCollectionViewCell.m */ = {isa = PBXFileReference; fileEncoding = 4; lastKnownFileType = sourcecode.c.objc; path = FLHomeCollectionViewCell.m; sourceTree = "<group>"; };
		532CD2051A6916C90019BBC8 /* FLImage.h */ = {isa = PBXFileReference; fileEncoding = 4; lastKnownFileType = sourcecode.c.h; path = FLImage.h; sourceTree = "<group>"; };
		532CD2061A6916C90019BBC8 /* FLImage.m */ = {isa = PBXFileReference; fileEncoding = 4; lastKnownFileType = sourcecode.c.objc; path = FLImage.m; sourceTree = "<group>"; };
		537A9D131A67C04F0090A13A /* FLImageView.h */ = {isa = PBXFileReference; fileEncoding = 4; lastKnownFileType = sourcecode.c.h; lineEnding = 0; path = FLImageView.h; sourceTree = "<group>"; xcLanguageSpecificationIdentifier = xcode.lang.objcpp; };
		537A9D141A67C04F0090A13A /* FLImageView.m */ = {isa = PBXFileReference; fileEncoding = 4; lastKnownFileType = sourcecode.c.objc; lineEnding = 0; path = FLImageView.m; sourceTree = "<group>"; xcLanguageSpecificationIdentifier = xcode.lang.objc; };
		537A9D161A67C04F0090A13A /* FLMacros.h */ = {isa = PBXFileReference; fileEncoding = 4; lastKnownFileType = sourcecode.c.h; lineEnding = 0; path = FLMacros.h; sourceTree = "<group>"; xcLanguageSpecificationIdentifier = xcode.lang.objcpp; };
		537A9D171A67C04F0090A13A /* FLUtility.h */ = {isa = PBXFileReference; fileEncoding = 4; lastKnownFileType = sourcecode.c.h; lineEnding = 0; path = FLUtility.h; sourceTree = "<group>"; xcLanguageSpecificationIdentifier = xcode.lang.objcpp; };
		537A9D181A67C04F0090A13A /* FLUtility.m */ = {isa = PBXFileReference; fileEncoding = 4; lastKnownFileType = sourcecode.c.objc; lineEnding = 0; path = FLUtility.m; sourceTree = "<group>"; xcLanguageSpecificationIdentifier = xcode.lang.objc; };
		537A9D1A1A67C04F0090A13A /* FLBaseWebService.h */ = {isa = PBXFileReference; fileEncoding = 4; lastKnownFileType = sourcecode.c.h; lineEnding = 0; path = FLBaseWebService.h; sourceTree = "<group>"; xcLanguageSpecificationIdentifier = xcode.lang.objcpp; };
		537A9D1B1A67C04F0090A13A /* FLBaseWebService.m */ = {isa = PBXFileReference; fileEncoding = 4; lastKnownFileType = sourcecode.c.objc; lineEnding = 0; path = FLBaseWebService.m; sourceTree = "<group>"; xcLanguageSpecificationIdentifier = xcode.lang.objc; };
		537A9D1C1A67C04F0090A13A /* FLFlickerImageFetchApi.h */ = {isa = PBXFileReference; fileEncoding = 4; lastKnownFileType = sourcecode.c.h; lineEnding = 0; path = FLFlickerImageFetchApi.h; sourceTree = "<group>"; xcLanguageSpecificationIdentifier = xcode.lang.objcpp; };
		537A9D1D1A67C04F0090A13A /* FLFlickerImageFetchApi.m */ = {isa = PBXFileReference; fileEncoding = 4; lastKnownFileType = sourcecode.c.objc; lineEnding = 0; path = FLFlickerImageFetchApi.m; sourceTree = "<group>"; xcLanguageSpecificationIdentifier = xcode.lang.objc; };
		537A9D221A67C2E50090A13A /* Constants.h */ = {isa = PBXFileReference; fileEncoding = 4; lastKnownFileType = sourcecode.c.h; lineEnding = 0; path = Constants.h; sourceTree = "<group>"; xcLanguageSpecificationIdentifier = xcode.lang.objcpp; };
		53BAE2441A67745300D91426 /* FlickrSample.app */ = {isa = PBXFileReference; explicitFileType = wrapper.application; includeInIndex = 0; path = FlickrSample.app; sourceTree = BUILT_PRODUCTS_DIR; };
		53BAE2481A67745300D91426 /* Info.plist */ = {isa = PBXFileReference; lastKnownFileType = text.plist.xml; path = Info.plist; sourceTree = "<group>"; };
		53BAE2491A67745300D91426 /* main.m */ = {isa = PBXFileReference; lastKnownFileType = sourcecode.c.objc; path = main.m; sourceTree = "<group>"; };
		53BAE24B1A67745300D91426 /* AppDelegate.h */ = {isa = PBXFileReference; lastKnownFileType = sourcecode.c.h; path = AppDelegate.h; sourceTree = "<group>"; };
		53BAE24C1A67745300D91426 /* AppDelegate.m */ = {isa = PBXFileReference; lastKnownFileType = sourcecode.c.objc; path = AppDelegate.m; sourceTree = "<group>"; };
		53BAE24E1A67745300D91426 /* FLHomeViewController.h */ = {isa = PBXFileReference; lastKnownFileType = sourcecode.c.h; path = FLHomeViewController.h; sourceTree = "<group>"; };
		53BAE24F1A67745300D91426 /* FLHomeViewController.m */ = {isa = PBXFileReference; lastKnownFileType = sourcecode.c.objc; path = FLHomeViewController.m; sourceTree = "<group>"; };
		53BAE2521A67745300D91426 /* Base */ = {isa = PBXFileReference; lastKnownFileType = file.storyboard; name = Base; path = Base.lproj/Main.storyboard; sourceTree = "<group>"; };
		53BAE2541A67745300D91426 /* Images.xcassets */ = {isa = PBXFileReference; lastKnownFileType = folder.assetcatalog; path = Images.xcassets; sourceTree = "<group>"; };
		53BAE2571A67745300D91426 /* Base */ = {isa = PBXFileReference; lastKnownFileType = file.xib; name = Base; path = Base.lproj/LaunchScreen.xib; sourceTree = "<group>"; };
		53BAE25D1A67745400D91426 /* FlickrSampleTests.xctest */ = {isa = PBXFileReference; explicitFileType = wrapper.cfbundle; includeInIndex = 0; path = FlickrSampleTests.xctest; sourceTree = BUILT_PRODUCTS_DIR; };
		53BAE2621A67745400D91426 /* Info.plist */ = {isa = PBXFileReference; lastKnownFileType = text.plist.xml; path = Info.plist; sourceTree = "<group>"; };
		53BAE2631A67745400D91426 /* FlickerSampleTests.m */ = {isa = PBXFileReference; lastKnownFileType = sourcecode.c.objc; path = FlickerSampleTests.m; sourceTree = "<group>"; };
		DE35204960BA48DFF8762FEA /* Pods-FlickerSample.release.xcconfig */ = {isa = PBXFileReference; includeInIndex = 1; lastKnownFileType = text.xcconfig; name = "Pods-FlickerSample.release.xcconfig"; path = "Pods/Target Support Files/Pods-FlickerSample/Pods-FlickerSample.release.xcconfig"; sourceTree = "<group>"; };
		F9C6562C6CB5ACE1B6A31A2B /* Pods-FlickerSample.debug.xcconfig */ = {isa = PBXFileReference; includeInIndex = 1; lastKnownFileType = text.xcconfig; name = "Pods-FlickerSample.debug.xcconfig"; path = "Pods/Target Support Files/Pods-FlickerSample/Pods-FlickerSample.debug.xcconfig"; sourceTree = "<group>"; };
/* End PBXFileReference section */

/* Begin PBXFrameworksBuildPhase section */
		53BAE2411A67745200D91426 /* Frameworks */ = {
			isa = PBXFrameworksBuildPhase;
			buildActionMask = 2147483647;
			files = (
				EF885CB96F712DA360E097A7 /* libPods-FlickerSample.a in Frameworks */,
			);
			runOnlyForDeploymentPostprocessing = 0;
		};
		53BAE25A1A67745400D91426 /* Frameworks */ = {
			isa = PBXFrameworksBuildPhase;
			buildActionMask = 2147483647;
			files = (
			);
			runOnlyForDeploymentPostprocessing = 0;
		};
/* End PBXFrameworksBuildPhase section */

/* Begin PBXGroup section */
		532CD2001A68EDA50019BBC8 /* FLHomeCollectionViewCell */ = {
			isa = PBXGroup;
			children = (
				532CD2011A68EDD40019BBC8 /* FLHomeCollectionViewCell.h */,
				532CD2021A68EDD40019BBC8 /* FLHomeCollectionViewCell.m */,
			);
			path = FLHomeCollectionViewCell;
			sourceTree = "<group>";
		};
		532CD2041A6916B40019BBC8 /* Others */ = {
			isa = PBXGroup;
			children = (
				532CD2051A6916C90019BBC8 /* FLImage.h */,
				532CD2061A6916C90019BBC8 /* FLImage.m */,
			);
			path = Others;
			sourceTree = "<group>";
		};
		532CD2081A691D860019BBC8 /* Categories */ = {
			isa = PBXGroup;
			children = (
			);
			path = Categories;
			sourceTree = "<group>";
		};
		532CD2091A6978980019BBC8 /* ViewControllers */ = {
			isa = PBXGroup;
			children = (
				53BAE24E1A67745300D91426 /* FLHomeViewController.h */,
				53BAE24F1A67745300D91426 /* FLHomeViewController.m */,
			);
			name = ViewControllers;
			sourceTree = "<group>";
		};
		537A9D121A67C04F0090A13A /* CustomViewClasses */ = {
			isa = PBXGroup;
			children = (
				537A9D131A67C04F0090A13A /* FLImageView.h */,
				537A9D141A67C04F0090A13A /* FLImageView.m */,
			);
			path = CustomViewClasses;
			sourceTree = "<group>";
		};
		537A9D151A67C04F0090A13A /* FLUtility */ = {
			isa = PBXGroup;
			children = (
				537A9D161A67C04F0090A13A /* FLMacros.h */,
				537A9D171A67C04F0090A13A /* FLUtility.h */,
				537A9D181A67C04F0090A13A /* FLUtility.m */,
			);
			path = FLUtility;
			sourceTree = "<group>";
		};
		537A9D191A67C04F0090A13A /* WebServiceClasses */ = {
			isa = PBXGroup;
			children = (
				537A9D1A1A67C04F0090A13A /* FLBaseWebService.h */,
				537A9D1B1A67C04F0090A13A /* FLBaseWebService.m */,
				537A9D1C1A67C04F0090A13A /* FLFlickerImageFetchApi.h */,
				537A9D1D1A67C04F0090A13A /* FLFlickerImageFetchApi.m */,
			);
			path = WebServiceClasses;
			sourceTree = "<group>";
		};
		53BAE23B1A67745200D91426 = {
			isa = PBXGroup;
			children = (
				53BAE2461A67745300D91426 /* FlickerSample */,
				53BAE2601A67745400D91426 /* FlickerSampleTests */,
				53BAE2451A67745300D91426 /* Products */,
				84C73F9AFD6573201190B4F4 /* Pods */,
				59D173F541D7D4E92AEA67A8 /* Frameworks */,
			);
			sourceTree = "<group>";
		};
		53BAE2451A67745300D91426 /* Products */ = {
			isa = PBXGroup;
			children = (
				53BAE2441A67745300D91426 /* FlickrSample.app */,
				53BAE25D1A67745400D91426 /* FlickrSampleTests.xctest */,
			);
			name = Products;
			sourceTree = "<group>";
		};
		53BAE2461A67745300D91426 /* FlickerSample */ = {
			isa = PBXGroup;
			children = (
				532CD2091A6978980019BBC8 /* ViewControllers */,
				532CD2081A691D860019BBC8 /* Categories */,
				532CD2041A6916B40019BBC8 /* Others */,
				532CD2001A68EDA50019BBC8 /* FLHomeCollectionViewCell */,
				537A9D121A67C04F0090A13A /* CustomViewClasses */,
				537A9D151A67C04F0090A13A /* FLUtility */,
				537A9D191A67C04F0090A13A /* WebServiceClasses */,
				53BAE24B1A67745300D91426 /* AppDelegate.h */,
				53BAE24C1A67745300D91426 /* AppDelegate.m */,
				53BAE2511A67745300D91426 /* Main.storyboard */,
				53BAE2541A67745300D91426 /* Images.xcassets */,
				53BAE2561A67745300D91426 /* LaunchScreen.xib */,
				53BAE2471A67745300D91426 /* Supporting Files */,
			);
			path = FlickerSample;
			sourceTree = "<group>";
		};
		53BAE2471A67745300D91426 /* Supporting Files */ = {
			isa = PBXGroup;
			children = (
				537A9D221A67C2E50090A13A /* Constants.h */,
				53BAE2481A67745300D91426 /* Info.plist */,
				53BAE2491A67745300D91426 /* main.m */,
			);
			name = "Supporting Files";
			sourceTree = "<group>";
		};
		53BAE2601A67745400D91426 /* FlickerSampleTests */ = {
			isa = PBXGroup;
			children = (
				53BAE2631A67745400D91426 /* FlickerSampleTests.m */,
				53BAE2611A67745400D91426 /* Supporting Files */,
			);
			path = FlickerSampleTests;
			sourceTree = "<group>";
		};
		53BAE2611A67745400D91426 /* Supporting Files */ = {
			isa = PBXGroup;
			children = (
				53BAE2621A67745400D91426 /* Info.plist */,
			);
			name = "Supporting Files";
			sourceTree = "<group>";
		};
		59D173F541D7D4E92AEA67A8 /* Frameworks */ = {
			isa = PBXGroup;
			children = (
				0A1BD559F70D38E7612C44C1 /* libPods-FlickerSample.a */,
			);
			name = Frameworks;
			sourceTree = "<group>";
		};
		84C73F9AFD6573201190B4F4 /* Pods */ = {
			isa = PBXGroup;
			children = (
				F9C6562C6CB5ACE1B6A31A2B /* Pods-FlickerSample.debug.xcconfig */,
				DE35204960BA48DFF8762FEA /* Pods-FlickerSample.release.xcconfig */,
			);
			name = Pods;
			sourceTree = "<group>";
		};
/* End PBXGroup section */

/* Begin PBXNativeTarget section */
		53BAE2431A67745200D91426 /* FlickrSample */ = {
			isa = PBXNativeTarget;
			buildConfigurationList = 53BAE2671A67745400D91426 /* Build configuration list for PBXNativeTarget "FlickrSample" */;
			buildPhases = (
				EBD28BDE051E4AAB212D039F /* Check Pods Manifest.lock */,
				53BAE2401A67745200D91426 /* Sources */,
				53BAE2411A67745200D91426 /* Frameworks */,
				53BAE2421A67745200D91426 /* Resources */,
				FE2E8C45540C42FF1EF4A2B4 /* Copy Pods Resources */,
			);
			buildRules = (
			);
			dependencies = (
			);
			name = FlickrSample;
			productName = FlickerSample;
			productReference = 53BAE2441A67745300D91426 /* FlickrSample.app */;
			productType = "com.apple.product-type.application";
		};
		53BAE25C1A67745400D91426 /* FlickrSampleTests */ = {
			isa = PBXNativeTarget;
			buildConfigurationList = 53BAE26A1A67745400D91426 /* Build configuration list for PBXNativeTarget "FlickrSampleTests" */;
			buildPhases = (
				53BAE2591A67745400D91426 /* Sources */,
				53BAE25A1A67745400D91426 /* Frameworks */,
				53BAE25B1A67745400D91426 /* Resources */,
			);
			buildRules = (
			);
			dependencies = (
				53BAE25F1A67745400D91426 /* PBXTargetDependency */,
			);
			name = FlickrSampleTests;
			productName = FlickerSampleTests;
			productReference = 53BAE25D1A67745400D91426 /* FlickrSampleTests.xctest */;
			productType = "com.apple.product-type.bundle.unit-test";
		};
/* End PBXNativeTarget section */

/* Begin PBXProject section */
		53BAE23C1A67745200D91426 /* Project object */ = {
			isa = PBXProject;
			attributes = {
				CLASSPREFIX = FL;
				LastUpgradeCheck = 0610;
				ORGANIZATIONNAME = "Ab'initio";
				TargetAttributes = {
					53BAE2431A67745200D91426 = {
						CreatedOnToolsVersion = 6.1.1;
					};
					53BAE25C1A67745400D91426 = {
						CreatedOnToolsVersion = 6.1.1;
						TestTargetID = 53BAE2431A67745200D91426;
					};
				};
			};
			buildConfigurationList = 53BAE23F1A67745200D91426 /* Build configuration list for PBXProject "FlickrSample" */;
			compatibilityVersion = "Xcode 3.2";
			developmentRegion = English;
			hasScannedForEncodings = 0;
			knownRegions = (
				en,
				Base,
			);
			mainGroup = 53BAE23B1A67745200D91426;
			productRefGroup = 53BAE2451A67745300D91426 /* Products */;
			projectDirPath = "";
			projectRoot = "";
			targets = (
				53BAE2431A67745200D91426 /* FlickrSample */,
				53BAE25C1A67745400D91426 /* FlickrSampleTests */,
			);
		};
/* End PBXProject section */

/* Begin PBXResourcesBuildPhase section */
		53BAE2421A67745200D91426 /* Resources */ = {
			isa = PBXResourcesBuildPhase;
			buildActionMask = 2147483647;
			files = (
				53BAE2531A67745300D91426 /* Main.storyboard in Resources */,
				53BAE2581A67745300D91426 /* LaunchScreen.xib in Resources */,
				53BAE2551A67745300D91426 /* Images.xcassets in Resources */,
			);
			runOnlyForDeploymentPostprocessing = 0;
		};
		53BAE25B1A67745400D91426 /* Resources */ = {
			isa = PBXResourcesBuildPhase;
			buildActionMask = 2147483647;
			files = (
			);
			runOnlyForDeploymentPostprocessing = 0;
		};
/* End PBXResourcesBuildPhase section */

/* Begin PBXShellScriptBuildPhase section */
		EBD28BDE051E4AAB212D039F /* Check Pods Manifest.lock */ = {
			isa = PBXShellScriptBuildPhase;
			buildActionMask = 2147483647;
			files = (
			);
			inputPaths = (
			);
			name = "Check Pods Manifest.lock";
			outputPaths = (
			);
			runOnlyForDeploymentPostprocessing = 0;
			shellPath = /bin/sh;
			shellScript = "diff \"${PODS_ROOT}/../Podfile.lock\" \"${PODS_ROOT}/Manifest.lock\" > /dev/null\nif [[ $? != 0 ]] ; then\n    cat << EOM\nerror: The sandbox is not in sync with the Podfile.lock. Run 'pod install' or update your CocoaPods installation.\nEOM\n    exit 1\nfi\n";
			showEnvVarsInLog = 0;
		};
		FE2E8C45540C42FF1EF4A2B4 /* Copy Pods Resources */ = {
			isa = PBXShellScriptBuildPhase;
			buildActionMask = 2147483647;
			files = (
			);
			inputPaths = (
			);
			name = "Copy Pods Resources";
			outputPaths = (
			);
			runOnlyForDeploymentPostprocessing = 0;
			shellPath = /bin/sh;
			shellScript = "\"${SRCROOT}/Pods/Target Support Files/Pods-FlickerSample/Pods-FlickerSample-resources.sh\"\n";
			showEnvVarsInLog = 0;
		};
/* End PBXShellScriptBuildPhase section */

/* Begin PBXSourcesBuildPhase section */
		53BAE2401A67745200D91426 /* Sources */ = {
			isa = PBXSourcesBuildPhase;
			buildActionMask = 2147483647;
			files = (
				53BAE2501A67745300D91426 /* FLHomeViewController.m in Sources */,
				537A9D1F1A67C04F0090A13A /* FLUtility.m in Sources */,
				537A9D1E1A67C04F0090A13A /* FLImageView.m in Sources */,
				537A9D211A67C04F0090A13A /* FLFlickerImageFetchApi.m in Sources */,
				53BAE24D1A67745300D91426 /* AppDelegate.m in Sources */,
				537A9D201A67C04F0090A13A /* FLBaseWebService.m in Sources */,
				53BAE24A1A67745300D91426 /* main.m in Sources */,
				532CD2031A68EDD40019BBC8 /* FLHomeCollectionViewCell.m in Sources */,
				532CD2071A6916C90019BBC8 /* FLImage.m in Sources */,
			);
			runOnlyForDeploymentPostprocessing = 0;
		};
		53BAE2591A67745400D91426 /* Sources */ = {
			isa = PBXSourcesBuildPhase;
			buildActionMask = 2147483647;
			files = (
				53BAE2641A67745400D91426 /* FlickerSampleTests.m in Sources */,
			);
			runOnlyForDeploymentPostprocessing = 0;
		};
/* End PBXSourcesBuildPhase section */

/* Begin PBXTargetDependency section */
		53BAE25F1A67745400D91426 /* PBXTargetDependency */ = {
			isa = PBXTargetDependency;
			target = 53BAE2431A67745200D91426 /* FlickrSample */;
			targetProxy = 53BAE25E1A67745400D91426 /* PBXContainerItemProxy */;
		};
/* End PBXTargetDependency section */

/* Begin PBXVariantGroup section */
		53BAE2511A67745300D91426 /* Main.storyboard */ = {
			isa = PBXVariantGroup;
			children = (
				53BAE2521A67745300D91426 /* Base */,
			);
			name = Main.storyboard;
			sourceTree = "<group>";
		};
		53BAE2561A67745300D91426 /* LaunchScreen.xib */ = {
			isa = PBXVariantGroup;
			children = (
				53BAE2571A67745300D91426 /* Base */,
			);
			name = LaunchScreen.xib;
			sourceTree = "<group>";
		};
/* End PBXVariantGroup section */

/* Begin XCBuildConfiguration section */
		53BAE2651A67745400D91426 /* Debug */ = {
			isa = XCBuildConfiguration;
			buildSettings = {
				ALWAYS_SEARCH_USER_PATHS = NO;
				CLANG_CXX_LANGUAGE_STANDARD = "gnu++0x";
				CLANG_CXX_LIBRARY = "libc++";
				CLANG_ENABLE_MODULES = YES;
				CLANG_ENABLE_OBJC_ARC = YES;
				CLANG_WARN_BOOL_CONVERSION = YES;
				CLANG_WARN_CONSTANT_CONVERSION = YES;
				CLANG_WARN_DIRECT_OBJC_ISA_USAGE = YES_ERROR;
				CLANG_WARN_EMPTY_BODY = YES;
				CLANG_WARN_ENUM_CONVERSION = YES;
				CLANG_WARN_INT_CONVERSION = YES;
				CLANG_WARN_OBJC_ROOT_CLASS = YES_ERROR;
				CLANG_WARN_UNREACHABLE_CODE = YES;
				CLANG_WARN__DUPLICATE_METHOD_MATCH = YES;
				"CODE_SIGN_IDENTITY[sdk=iphoneos*]" = "iPhone Developer";
				COPY_PHASE_STRIP = NO;
				ENABLE_STRICT_OBJC_MSGSEND = YES;
				GCC_C_LANGUAGE_STANDARD = gnu99;
				GCC_DYNAMIC_NO_PIC = NO;
				GCC_OPTIMIZATION_LEVEL = 0;
				GCC_PREPROCESSOR_DEFINITIONS = (
					"DEBUG=1",
					"$(inherited)",
				);
				GCC_SYMBOLS_PRIVATE_EXTERN = NO;
				GCC_WARN_64_TO_32_BIT_CONVERSION = YES;
				GCC_WARN_ABOUT_RETURN_TYPE = YES_ERROR;
				GCC_WARN_UNDECLARED_SELECTOR = YES;
				GCC_WARN_UNINITIALIZED_AUTOS = YES_AGGRESSIVE;
				GCC_WARN_UNUSED_FUNCTION = YES;
				GCC_WARN_UNUSED_VARIABLE = YES;
				IPHONEOS_DEPLOYMENT_TARGET = 8.1;
				MTL_ENABLE_DEBUG_INFO = YES;
				ONLY_ACTIVE_ARCH = YES;
				SDKROOT = iphoneos;
			};
			name = Debug;
		};
		53BAE2661A67745400D91426 /* Release */ = {
			isa = XCBuildConfiguration;
			buildSettings = {
				ALWAYS_SEARCH_USER_PATHS = NO;
				CLANG_CXX_LANGUAGE_STANDARD = "gnu++0x";
				CLANG_CXX_LIBRARY = "libc++";
				CLANG_ENABLE_MODULES = YES;
				CLANG_ENABLE_OBJC_ARC = YES;
				CLANG_WARN_BOOL_CONVERSION = YES;
				CLANG_WARN_CONSTANT_CONVERSION = YES;
				CLANG_WARN_DIRECT_OBJC_ISA_USAGE = YES_ERROR;
				CLANG_WARN_EMPTY_BODY = YES;
				CLANG_WARN_ENUM_CONVERSION = YES;
				CLANG_WARN_INT_CONVERSION = YES;
				CLANG_WARN_OBJC_ROOT_CLASS = YES_ERROR;
				CLANG_WARN_UNREACHABLE_CODE = YES;
				CLANG_WARN__DUPLICATE_METHOD_MATCH = YES;
				"CODE_SIGN_IDENTITY[sdk=iphoneos*]" = "iPhone Developer";
				COPY_PHASE_STRIP = YES;
				ENABLE_NS_ASSERTIONS = NO;
				ENABLE_STRICT_OBJC_MSGSEND = YES;
				GCC_C_LANGUAGE_STANDARD = gnu99;
				GCC_WARN_64_TO_32_BIT_CONVERSION = YES;
				GCC_WARN_ABOUT_RETURN_TYPE = YES_ERROR;
				GCC_WARN_UNDECLARED_SELECTOR = YES;
				GCC_WARN_UNINITIALIZED_AUTOS = YES_AGGRESSIVE;
				GCC_WARN_UNUSED_FUNCTION = YES;
				GCC_WARN_UNUSED_VARIABLE = YES;
				IPHONEOS_DEPLOYMENT_TARGET = 8.1;
				MTL_ENABLE_DEBUG_INFO = NO;
				SDKROOT = iphoneos;
				VALIDATE_PRODUCT = YES;
			};
			name = Release;
		};
		53BAE2681A67745400D91426 /* Debug */ = {
			isa = XCBuildConfiguration;
			baseConfigurationReference = F9C6562C6CB5ACE1B6A31A2B /* Pods-FlickerSample.debug.xcconfig */;
			buildSettings = {
				ASSETCATALOG_COMPILER_APPICON_NAME = AppIcon;
				INFOPLIST_FILE = FlickerSample/Info.plist;
				LD_RUNPATH_SEARCH_PATHS = "$(inherited) @executable_path/Frameworks";
				PRODUCT_NAME = FlickrSample;
			};
			name = Debug;
		};
		53BAE2691A67745400D91426 /* Release */ = {
			isa = XCBuildConfiguration;
			baseConfigurationReference = DE35204960BA48DFF8762FEA /* Pods-FlickerSample.release.xcconfig */;
			buildSettings = {
				ASSETCATALOG_COMPILER_APPICON_NAME = AppIcon;
				INFOPLIST_FILE = FlickerSample/Info.plist;
				LD_RUNPATH_SEARCH_PATHS = "$(inherited) @executable_path/Frameworks";
				PRODUCT_NAME = FlickrSample;
			};
			name = Release;
		};
		53BAE26B1A67745400D91426 /* Debug */ = {
			isa = XCBuildConfiguration;
			buildSettings = {
				BUNDLE_LOADER = "$(TEST_HOST)";
				FRAMEWORK_SEARCH_PATHS = (
					"$(SDKROOT)/Developer/Library/Frameworks",
					"$(inherited)",
				);
				GCC_PREPROCESSOR_DEFINITIONS = (
					"DEBUG=1",
					"$(inherited)",
				);
				INFOPLIST_FILE = FlickerSampleTests/Info.plist;
				LD_RUNPATH_SEARCH_PATHS = "$(inherited) @executable_path/Frameworks @loader_path/Frameworks";
				PRODUCT_NAME = FlickrSampleTests;
				TEST_HOST = "$(BUILT_PRODUCTS_DIR)/FlickerSample.app/FlickerSample";
			};
			name = Debug;
		};
		53BAE26C1A67745400D91426 /* Release */ = {
			isa = XCBuildConfiguration;
			buildSettings = {
				BUNDLE_LOADER = "$(TEST_HOST)";
				FRAMEWORK_SEARCH_PATHS = (
					"$(SDKROOT)/Developer/Library/Frameworks",
					"$(inherited)",
				);
				INFOPLIST_FILE = FlickerSampleTests/Info.plist;
				LD_RUNPATH_SEARCH_PATHS = "$(inherited) @executable_path/Frameworks @loader_path/Frameworks";
				PRODUCT_NAME = FlickrSampleTests;
				TEST_HOST = "$(BUILT_PRODUCTS_DIR)/FlickerSample.app/FlickerSample";
			};
			name = Release;
		};
/* End XCBuildConfiguration section */

/* Begin XCConfigurationList section */
		53BAE23F1A67745200D91426 /* Build configuration list for PBXProject "FlickrSample" */ = {
			isa = XCConfigurationList;
			buildConfigurations = (
				53BAE2651A67745400D91426 /* Debug */,
				53BAE2661A67745400D91426 /* Release */,
			);
			defaultConfigurationIsVisible = 0;
			defaultConfigurationName = Release;
		};
		53BAE2671A67745400D91426 /* Build configuration list for PBXNativeTarget "FlickrSample" */ = {
			isa = XCConfigurationList;
			buildConfigurations = (
				53BAE2681A67745400D91426 /* Debug */,
				53BAE2691A67745400D91426 /* Release */,
			);
			defaultConfigurationIsVisible = 0;
			defaultConfigurationName = Release;
		};
		53BAE26A1A67745400D91426 /* Build configuration list for PBXNativeTarget "FlickrSampleTests" */ = {
			isa = XCConfigurationList;
			buildConfigurations = (
				53BAE26B1A67745400D91426 /* Debug */,
				53BAE26C1A67745400D91426 /* Release */,
			);
			defaultConfigurationIsVisible = 0;
			defaultConfigurationName = Release;
		};
/* End XCConfigurationList section */
	};
	rootObject = 53BAE23C1A67745200D91426 /* Project object */;
}
